
Microsoft Visual Studio Solution File, Format Version 12.00
# Visual Studio Version 17
VisualStudioVersion = 17.6.33815.320
MinimumVisualStudioVersion = 10.0.40219.1
Project("{FAE04EC0-301F-11D3-BF4B-00C04F79EFBC}") = "TplWpf", "TplWpf\TplWpf.csproj", "{67605AC1-E960-4953-8ADC-B884337A6482}"
EndProject
Global
	GlobalSection(SolutionConfigurationPlatforms) = preSolution
		Debug|Any CPU = Debug|Any CPU
		Release|Any CPU = Release|Any CPU
	EndGlobalSection
	GlobalSection(ProjectConfigurationPlatforms) = postSolution
		{67605AC1-E960-4953-8ADC-B884337A6482}.Debug|Any CPU.ActiveCfg = Debug|Any CPU
		{67605AC1-E960-4953-8ADC-B884337A6482}.Debug|Any CPU.Build.0 = Debug|Any CPU
		{67605AC1-E960-4953-8ADC-B884337A6482}.Release|Any CPU.ActiveCfg = Release|Any CPU
		{67605AC1-E960-4953-8ADC-B884337A6482}.Release|Any CPU.Build.0 = Release|Any CPU
	EndGlobalSection
	GlobalSection(SolutionProperties) = preSolution
		HideSolutionNode = FALSE
	EndGlobalSection
	GlobalSection(ExtensibilityGlobals) = postSolution
		SolutionGuid = {5FC0E3E7-E41C-49C2-9B4E-E3AC4B705FC9}
	EndGlobalSection
EndGlobal
